// !$*UTF8*$!
{
	archiveVersion = 1;
	classes = {
	};
	objectVersion = 48;
	objects = {

/* Begin PBXBuildFile section */
		3A8491AF200FD73D00B41EBC /* AppDelegate.swift in Sources */ = {isa = PBXBuildFile; fileRef = 3A8491AE200FD73D00B41EBC /* AppDelegate.swift */; };
		3A8491B1200FD73D00B41EBC /* ViewController.swift in Sources */ = {isa = PBXBuildFile; fileRef = 3A8491B0200FD73D00B41EBC /* ViewController.swift */; };
		3A8491B4200FD73D00B41EBC /* Main.storyboard in Resources */ = {isa = PBXBuildFile; fileRef = 3A8491B2200FD73D00B41EBC /* Main.storyboard */; };
		3A8491B6200FD73D00B41EBC /* Assets.xcassets in Resources */ = {isa = PBXBuildFile; fileRef = 3A8491B5200FD73D00B41EBC /* Assets.xcassets */; };
		3A8491B9200FD73D00B41EBC /* LaunchScreen.storyboard in Resources */ = {isa = PBXBuildFile; fileRef = 3A8491B7200FD73D00B41EBC /* LaunchScreen.storyboard */; };
		3A8491C4200FD73D00B41EBC /* tableViewTests.swift in Sources */ = {isa = PBXBuildFile; fileRef = 3A8491C3200FD73D00B41EBC /* tableViewTests.swift */; };
		3A8491CF200FD73D00B41EBC /* tableViewUITests.swift in Sources */ = {isa = PBXBuildFile; fileRef = 3A8491CE200FD73D00B41EBC /* tableViewUITests.swift */; };
		3A8491DD200FE32800B41EBC /* filacustomizadaTableViewCell.swift in Sources */ = {isa = PBXBuildFile; fileRef = 3A8491DC200FE32800B41EBC /* filacustomizadaTableViewCell.swift */; };
/* End PBXBuildFile section */

/* Begin PBXContainerItemProxy section */
		3A8491C0200FD73D00B41EBC /* PBXContainerItemProxy */ = {
			isa = PBXContainerItemProxy;
			containerPortal = 3A8491A3200FD73D00B41EBC /* Project object */;
			proxyType = 1;
			remoteGlobalIDString = 3A8491AA200FD73D00B41EBC;
			remoteInfo = tableView;
		};
		3A8491CB200FD73D00B41EBC /* PBXContainerItemProxy */ = {
			isa = PBXContainerItemProxy;
			containerPortal = 3A8491A3200FD73D00B41EBC /* Project object */;
			proxyType = 1;
			remoteGlobalIDString = 3A8491AA200FD73D00B41EBC;
			remoteInfo = tableView;
		};
/* End PBXContainerItemProxy section */

/* Begin PBXFileReference section */
		3A8491AB200FD73D00B41EBC /* tableView.app */ = {isa = PBXFileReference; explicitFileType = wrapper.application; includeInIndex = 0; path = tableView.app; sourceTree = BUILT_PRODUCTS_DIR; };
		3A8491AE200FD73D00B41EBC /* AppDelegate.swift */ = {isa = PBXFileReference; lastKnownFileType = sourcecode.swift; path = AppDelegate.swift; sourceTree = "<group>"; };
		3A8491B0200FD73D00B41EBC /* ViewController.swift */ = {isa = PBXFileReference; lastKnownFileType = sourcecode.swift; path = ViewController.swift; sourceTree = "<group>"; };
		3A8491B3200FD73D00B41EBC /* Base */ = {isa = PBXFileReference; lastKnownFileType = file.storyboard; name = Base; path = Base.lproj/Main.storyboard; sourceTree = "<group>"; };
		3A8491B5200FD73D00B41EBC /* Assets.xcassets */ = {isa = PBXFileReference; lastKnownFileType = folder.assetcatalog; path = Assets.xcassets; sourceTree = "<group>"; };
		3A8491B8200FD73D00B41EBC /* Base */ = {isa = PBXFileReference; lastKnownFileType = file.storyboard; name = Base; path = Base.lproj/LaunchScreen.storyboard; sourceTree = "<group>"; };
		3A8491BA200FD73D00B41EBC /* Info.plist */ = {isa = PBXFileReference; lastKnownFileType = text.plist.xml; path = Info.plist; sourceTree = "<group>"; };
		3A8491BF200FD73D00B41EBC /* tableViewTests.xctest */ = {isa = PBXFileReference; explicitFileType = wrapper.cfbundle; includeInIndex = 0; path = tableViewTests.xctest; sourceTree = BUILT_PRODUCTS_DIR; };
		3A8491C3200FD73D00B41EBC /* tableViewTests.swift */ = {isa = PBXFileReference; lastKnownFileType = sourcecode.swift; path = tableViewTests.swift; sourceTree = "<group>"; };
		3A8491C5200FD73D00B41EBC /* Info.plist */ = {isa = PBXFileReference; lastKnownFileType = text.plist.xml; path = Info.plist; sourceTree = "<group>"; };
		3A8491CA200FD73D00B41EBC /* tableViewUITests.xctest */ = {isa = PBXFileReference; explicitFileType = wrapper.cfbundle; includeInIndex = 0; path = tableViewUITests.xctest; sourceTree = BUILT_PRODUCTS_DIR; };
		3A8491CE200FD73D00B41EBC /* tableViewUITests.swift */ = {isa = PBXFileReference; lastKnownFileType = sourcecode.swift; path = tableViewUITests.swift; sourceTree = "<group>"; };
		3A8491D0200FD73D00B41EBC /* Info.plist */ = {isa = PBXFileReference; lastKnownFileType = text.plist.xml; path = Info.plist; sourceTree = "<group>"; };
		3A8491DC200FE32800B41EBC /* filacustomizadaTableViewCell.swift */ = {isa = PBXFileReference; lastKnownFileType = sourcecode.swift; path = filacustomizadaTableViewCell.swift; sourceTree = "<group>"; };
/* End PBXFileReference section */

/* Begin PBXFrameworksBuildPhase section */
		3A8491A8200FD73D00B41EBC /* Frameworks */ = {
			isa = PBXFrameworksBuildPhase;
			buildActionMask = 2147483647;
			files = (
			);
			runOnlyForDeploymentPostprocessing = 0;
		};
		3A8491BC200FD73D00B41EBC /* Frameworks */ = {
			isa = PBXFrameworksBuildPhase;
			buildActionMask = 2147483647;
			files = (
			);
			runOnlyForDeploymentPostprocessing = 0;
		};
		3A8491C7200FD73D00B41EBC /* Frameworks */ = {
			isa = PBXFrameworksBuildPhase;
			buildActionMask = 2147483647;
			files = (
			);
			runOnlyForDeploymentPostprocessing = 0;
		};
/* End PBXFrameworksBuildPhase section */

/* Begin PBXGroup section */
		3A8491A2200FD73D00B41EBC = {
			isa = PBXGroup;
			children = (
				3A8491AD200FD73D00B41EBC /* tableView */,
				3A8491C2200FD73D00B41EBC /* tableViewTests */,
				3A8491CD200FD73D00B41EBC /* tableViewUITests */,
				3A8491AC200FD73D00B41EBC /* Products */,
			);
			sourceTree = "<group>";
		};
		3A8491AC200FD73D00B41EBC /* Products */ = {
			isa = PBXGroup;
			children = (
				3A8491AB200FD73D00B41EBC /* tableView.app */,
				3A8491BF200FD73D00B41EBC /* tableViewTests.xctest */,
				3A8491CA200FD73D00B41EBC /* tableViewUITests.xctest */,
			);
			name = Products;
			sourceTree = "<group>";
		};
		3A8491AD200FD73D00B41EBC /* tableView */ = {
			isa = PBXGroup;
			children = (
				3A8491AE200FD73D00B41EBC /* AppDelegate.swift */,
				3A8491B0200FD73D00B41EBC /* ViewController.swift */,
				3A8491DC200FE32800B41EBC /* filacustomizadaTableViewCell.swift */,
				3A8491B2200FD73D00B41EBC /* Main.storyboard */,
				3A8491B5200FD73D00B41EBC /* Assets.xcassets */,
				3A8491B7200FD73D00B41EBC /* LaunchScreen.storyboard */,
				3A8491BA200FD73D00B41EBC /* Info.plist */,
			);
			path = tableView;
			sourceTree = "<group>";
		};
		3A8491C2200FD73D00B41EBC /* tableViewTests */ = {
			isa = PBXGroup;
			children = (
				3A8491C3200FD73D00B41EBC /* tableViewTests.swift */,
				3A8491C5200FD73D00B41EBC /* Info.plist */,
			);
			path = tableViewTests;
			sourceTree = "<group>";
		};
		3A8491CD200FD73D00B41EBC /* tableViewUITests */ = {
			isa = PBXGroup;
			children = (
				3A8491CE200FD73D00B41EBC /* tableViewUITests.swift */,
				3A8491D0200FD73D00B41EBC /* Info.plist */,
			);
			path = tableViewUITests;
			sourceTree = "<group>";
		};
/* End PBXGroup section */

/* Begin PBXNativeTarget section */
		3A8491AA200FD73D00B41EBC /* tableView */ = {
			isa = PBXNativeTarget;
			buildConfigurationList = 3A8491D3200FD73D00B41EBC /* Build configuration list for PBXNativeTarget "tableView" */;
			buildPhases = (
				3A8491A7200FD73D00B41EBC /* Sources */,
				3A8491A8200FD73D00B41EBC /* Frameworks */,
				3A8491A9200FD73D00B41EBC /* Resources */,
			);
			buildRules = (
			);
			dependencies = (
			);
			name = tableView;
			productName = tableView;
			productReference = 3A8491AB200FD73D00B41EBC /* tableView.app */;
			productType = "com.apple.product-type.application";
		};
		3A8491BE200FD73D00B41EBC /* tableViewTests */ = {
			isa = PBXNativeTarget;
			buildConfigurationList = 3A8491D6200FD73D00B41EBC /* Build configuration list for PBXNativeTarget "tableViewTests" */;
			buildPhases = (
				3A8491BB200FD73D00B41EBC /* Sources */,
				3A8491BC200FD73D00B41EBC /* Frameworks */,
				3A8491BD200FD73D00B41EBC /* Resources */,
			);
			buildRules = (
			);
			dependencies = (
				3A8491C1200FD73D00B41EBC /* PBXTargetDependency */,
			);
			name = tableViewTests;
			productName = tableViewTests;
			productReference = 3A8491BF200FD73D00B41EBC /* tableViewTests.xctest */;
			productType = "com.apple.product-type.bundle.unit-test";
		};
		3A8491C9200FD73D00B41EBC /* tableViewUITests */ = {
			isa = PBXNativeTarget;
			buildConfigurationList = 3A8491D9200FD73D00B41EBC /* Build configuration list for PBXNativeTarget "tableViewUITests" */;
			buildPhases = (
				3A8491C6200FD73D00B41EBC /* Sources */,
				3A8491C7200FD73D00B41EBC /* Frameworks */,
				3A8491C8200FD73D00B41EBC /* Resources */,
			);
			buildRules = (
			);
			dependencies = (
				3A8491CC200FD73D00B41EBC /* PBXTargetDependency */,
			);
			name = tableViewUITests;
			productName = tableViewUITests;
			productReference = 3A8491CA200FD73D00B41EBC /* tableViewUITests.xctest */;
			productType = "com.apple.product-type.bundle.ui-testing";
		};
/* End PBXNativeTarget section */

/* Begin PBXProject section */
		3A8491A3200FD73D00B41EBC /* Project object */ = {
			isa = PBXProject;
			attributes = {
				LastSwiftUpdateCheck = 0920;
				LastUpgradeCheck = 0920;
				ORGANIZATIONNAME = "Alfonso Hernandez";
				TargetAttributes = {
					3A8491AA200FD73D00B41EBC = {
						CreatedOnToolsVersion = 9.2;
						ProvisioningStyle = Automatic;
					};
					3A8491BE200FD73D00B41EBC = {
						CreatedOnToolsVersion = 9.2;
						ProvisioningStyle = Automatic;
						TestTargetID = 3A8491AA200FD73D00B41EBC;
					};
					3A8491C9200FD73D00B41EBC = {
						CreatedOnToolsVersion = 9.2;
						ProvisioningStyle = Automatic;
						TestTargetID = 3A8491AA200FD73D00B41EBC;
					};
				};
			};
			buildConfigurationList = 3A8491A6200FD73D00B41EBC /* Build configuration list for PBXProject "tableView" */;
			compatibilityVersion = "Xcode 8.0";
			developmentRegion = en;
			hasScannedForEncodings = 0;
			knownRegions = (
				en,
				Base,
			);
			mainGroup = 3A8491A2200FD73D00B41EBC;
			productRefGroup = 3A8491AC200FD73D00B41EBC /* Products */;
			projectDirPath = "";
			projectRoot = "";
			targets = (
				3A8491AA200FD73D00B41EBC /* tableView */,
				3A8491BE200FD73D00B41EBC /* tableViewTests */,
				3A8491C9200FD73D00B41EBC /* tableViewUITests */,
			);
		};
/* End PBXProject section */

/* Begin PBXResourcesBuildPhase section */
		3A8491A9200FD73D00B41EBC /* Resources */ = {
			isa = PBXResourcesBuildPhase;
			buildActionMask = 2147483647;
			files = (
				3A8491B9200FD73D00B41EBC /* LaunchScreen.storyboard in Resources */,
				3A8491B6200FD73D00B41EBC /* Assets.xcassets in Resources */,
				3A8491B4200FD73D00B41EBC /* Main.storyboard in Resources */,
			);
			runOnlyForDeploymentPostprocessing = 0;
		};
		3A8491BD200FD73D00B41EBC /* Resources */ = {
			isa = PBXResourcesBuildPhase;
			buildActionMask = 2147483647;
			files = (
			);
			runOnlyForDeploymentPostprocessing = 0;
		};
		3A8491C8200FD73D00B41EBC /* Resources */ = {
			isa = PBXResourcesBuildPhase;
			buildActionMask = 2147483647;
			files = (
			);
			runOnlyForDeploymentPostprocessing = 0;
		};
/* End PBXResourcesBuildPhase section */

/* Begin PBXSourcesBuildPhase section */
		3A8491A7200FD73D00B41EBC /* Sources */ = {
			isa = PBXSourcesBuildPhase;
			buildActionMask = 2147483647;
			files = (
				3A8491DD200FE32800B41EBC /* filacustomizadaTableViewCell.swift in Sources */,
				3A8491B1200FD73D00B41EBC /* ViewController.swift in Sources */,
				3A8491AF200FD73D00B41EBC /* AppDelegate.swift in Sources */,
			);
			runOnlyForDeploymentPostprocessing = 0;
		};
		3A8491BB200FD73D00B41EBC /* Sources */ = {
			isa = PBXSourcesBuildPhase;
			buildActionMask = 2147483647;
			files = (
				3A8491C4200FD73D00B41EBC /* tableViewTests.swift in Sources */,
			);
			runOnlyForDeploymentPostprocessing = 0;
		};
		3A8491C6200FD73D00B41EBC /* Sources */ = {
			isa = PBXSourcesBuildPhase;
			buildActionMask = 2147483647;
			files = (
				3A8491CF200FD73D00B41EBC /* tableViewUITests.swift in Sources */,
			);
			runOnlyForDeploymentPostprocessing = 0;
		};
/* End PBXSourcesBuildPhase section */

/* Begin PBXTargetDependency section */
		3A8491C1200FD73D00B41EBC /* PBXTargetDependency */ = {
			isa = PBXTargetDependency;
			target = 3A8491AA200FD73D00B41EBC /* tableView */;
			targetProxy = 3A8491C0200FD73D00B41EBC /* PBXContainerItemProxy */;
		};
		3A8491CC200FD73D00B41EBC /* PBXTargetDependency */ = {
			isa = PBXTargetDependency;
			target = 3A8491AA200FD73D00B41EBC /* tableView */;
			targetProxy = 3A8491CB200FD73D00B41EBC /* PBXContainerItemProxy */;
		};
/* End PBXTargetDependency section */

/* Begin PBXVariantGroup section */
		3A8491B2200FD73D00B41EBC /* Main.storyboard */ = {
			isa = PBXVariantGroup;
			children = (
				3A8491B3200FD73D00B41EBC /* Base */,
			);
			name = Main.storyboard;
			sourceTree = "<group>";
		};
		3A8491B7200FD73D00B41EBC /* LaunchScreen.storyboard */ = {
			isa = PBXVariantGroup;
			children = (
				3A8491B8200FD73D00B41EBC /* Base */,
			);
			name = LaunchScreen.storyboard;
			sourceTree = "<group>";
		};
/* End PBXVariantGroup section */

/* Begin XCBuildConfiguration section */
		3A8491D1200FD73D00B41EBC /* Debug */ = {
			isa = XCBuildConfiguration;
			buildSettings = {
				ALWAYS_SEARCH_USER_PATHS = NO;
				CLANG_ANALYZER_NONNULL = YES;
				CLANG_ANALYZER_NUMBER_OBJECT_CONVERSION = YES_AGGRESSIVE;
				CLANG_CXX_LANGUAGE_STANDARD = "gnu++14";
				CLANG_CXX_LIBRARY = "libc++";
				CLANG_ENABLE_MODULES = YES;
				CLANG_ENABLE_OBJC_ARC = YES;
				CLANG_WARN_BLOCK_CAPTURE_AUTORELEASING = YES;
				CLANG_WARN_BOOL_CONVERSION = YES;
				CLANG_WARN_COMMA = YES;
				CLANG_WARN_CONSTANT_CONVERSION = YES;
				CLANG_WARN_DIRECT_OBJC_ISA_USAGE = YES_ERROR;
				CLANG_WARN_DOCUMENTATION_COMMENTS = YES;
				CLANG_WARN_EMPTY_BODY = YES;
				CLANG_WARN_ENUM_CONVERSION = YES;
				CLANG_WARN_INFINITE_RECURSION = YES;
				CLANG_WARN_INT_CONVERSION = YES;
				CLANG_WARN_NON_LITERAL_NULL_CONVERSION = YES;
				CLANG_WARN_OBJC_LITERAL_CONVERSION = YES;
				CLANG_WARN_OBJC_ROOT_CLASS = YES_ERROR;
				CLANG_WARN_RANGE_LOOP_ANALYSIS = YES;
				CLANG_WARN_STRICT_PROTOTYPES = YES;
				CLANG_WARN_SUSPICIOUS_MOVE = YES;
				CLANG_WARN_UNGUARDED_AVAILABILITY = YES_AGGRESSIVE;
				CLANG_WARN_UNREACHABLE_CODE = YES;
				CLANG_WARN__DUPLICATE_METHOD_MATCH = YES;
				CODE_SIGN_IDENTITY = "iPhone Developer";
				COPY_PHASE_STRIP = NO;
				DEBUG_INFORMATION_FORMAT = dwarf;
				ENABLE_STRICT_OBJC_MSGSEND = YES;
				ENABLE_TESTABILITY = YES;
				GCC_C_LANGUAGE_STANDARD = gnu11;
				GCC_DYNAMIC_NO_PIC = NO;
				GCC_NO_COMMON_BLOCKS = YES;
				GCC_OPTIMIZATION_LEVEL = 0;
				GCC_PREPROCESSOR_DEFINITIONS = (
					"DEBUG=1",
					"$(inherited)",
				);
				GCC_WARN_64_TO_32_BIT_CONVERSION = YES;
				GCC_WARN_ABOUT_RETURN_TYPE = YES_ERROR;
				GCC_WARN_UNDECLARED_SELECTOR = YES;
				GCC_WARN_UNINITIALIZED_AUTOS = YES_AGGRESSIVE;
				GCC_WARN_UNUSED_FUNCTION = YES;
				GCC_WARN_UNUSED_VARIABLE = YES;
				IPHONEOS_DEPLOYMENT_TARGET = 11.2;
				MTL_ENABLE_DEBUG_INFO = YES;
				ONLY_ACTIVE_ARCH = YES;
				SDKROOT = iphoneos;
				SWIFT_ACTIVE_COMPILATION_CONDITIONS = DEBUG;
				SWIFT_OPTIMIZATION_LEVEL = "-Onone";
			};
			name = Debug;
		};
		3A8491D2200FD73D00B41EBC /* Release */ = {
			isa = XCBuildConfiguration;
			buildSettings = {
				ALWAYS_SEARCH_USER_PATHS = NO;
				CLANG_ANALYZER_NONNULL = YES;
				CLANG_ANALYZER_NUMBER_OBJECT_CONVERSION = YES_AGGRESSIVE;
				CLANG_CXX_LANGUAGE_STANDARD = "gnu++14";
				CLANG_CXX_LIBRARY = "libc++";
				CLANG_ENABLE_MODULES = YES;
				CLANG_ENABLE_OBJC_ARC = YES;
				CLANG_WARN_BLOCK_CAPTURE_AUTORELEASING = YES;
				CLANG_WARN_BOOL_CONVERSION = YES;
				CLANG_WARN_COMMA = YES;
				CLANG_WARN_CONSTANT_CONVERSION = YES;
				CLANG_WARN_DIRECT_OBJC_ISA_USAGE = YES_ERROR;
				CLANG_WARN_DOCUMENTATION_COMMENTS = YES;
				CLANG_WARN_EMPTY_BODY = YES;
				CLANG_WARN_ENUM_CONVERSION = YES;
				CLANG_WARN_INFINITE_RECURSION = YES;
				CLANG_WARN_INT_CONVERSION = YES;
				CLANG_WARN_NON_LITERAL_NULL_CONVERSION = YES;
				CLANG_WARN_OBJC_LITERAL_CONVERSION = YES;
				CLANG_WARN_OBJC_ROOT_CLASS = YES_ERROR;
				CLANG_WARN_RANGE_LOOP_ANALYSIS = YES;
				CLANG_WARN_STRICT_PROTOTYPES = YES;
				CLANG_WARN_SUSPICIOUS_MOVE = YES;
				CLANG_WARN_UNGUARDED_AVAILABILITY = YES_AGGRESSIVE;
				CLANG_WARN_UNREACHABLE_CODE = YES;
				CLANG_WARN__DUPLICATE_METHOD_MATCH = YES;
				CODE_SIGN_IDENTITY = "iPhone Developer";
				COPY_PHASE_STRIP = NO;
				DEBUG_INFORMATION_FORMAT = "dwarf-with-dsym";
				ENABLE_NS_ASSERTIONS = NO;
				ENABLE_STRICT_OBJC_MSGSEND = YES;
				GCC_C_LANGUAGE_STANDARD = gnu11;
				GCC_NO_COMMON_BLOCKS = YES;
				GCC_WARN_64_TO_32_BIT_CONVERSION = YES;
				GCC_WARN_ABOUT_RETURN_TYPE = YES_ERROR;
				GCC_WARN_UNDECLARED_SELECTOR = YES;
				GCC_WARN_UNINITIALIZED_AUTOS = YES_AGGRESSIVE;
				GCC_WARN_UNUSED_FUNCTION = YES;
				GCC_WARN_UNUSED_VARIABLE = YES;
				IPHONEOS_DEPLOYMENT_TARGET = 11.2;
				MTL_ENABLE_DEBUG_INFO = NO;
				SDKROOT = iphoneos;
				SWIFT_OPTIMIZATION_LEVEL = "-Owholemodule";
				VALIDATE_PRODUCT = YES;
			};
			name = Release;
		};
		3A8491D4200FD73D00B41EBC /* Debug */ = {
			isa = XCBuildConfiguration;
			buildSettings = {
				ASSETCATALOG_COMPILER_APPICON_NAME = AppIcon;
				CODE_SIGN_STYLE = Automatic;
				INFOPLIST_FILE = tableView/Info.plist;
				LD_RUNPATH_SEARCH_PATHS = "$(inherited) @executable_path/Frameworks";
				PRODUCT_BUNDLE_IDENTIFIER = MyA.tableView;
				PRODUCT_NAME = "$(TARGET_NAME)";
				SWIFT_VERSION = 4.0;
				TARGETED_DEVICE_FAMILY = "1,2";
			};
			name = Debug;
		};
		3A8491D5200FD73D00B41EBC /* Release */ = {
			isa = XCBuildConfiguration;
			buildSettings = {
				ASSETCATALOG_COMPILER_APPICON_NAME = AppIcon;
				CODE_SIGN_STYLE = Automatic;
				INFOPLIST_FILE = tableView/Info.plist;
				LD_RUNPATH_SEARCH_PATHS = "$(inherited) @executable_path/Frameworks";
				PRODUCT_BUNDLE_IDENTIFIER = MyA.tableView;
				PRODUCT_NAME = "$(TARGET_NAME)";
				SWIFT_VERSION = 4.0;
				TARGETED_DEVICE_FAMILY = "1,2";
			};
			name = Release;
		};
		3A8491D7200FD73D00B41EBC /* Debug */ = {
			isa = XCBuildConfiguration;
			buildSettings = {
				ALWAYS_EMBED_SWIFT_STANDARD_LIBRARIES = YES;
				BUNDLE_LOADER = "$(TEST_HOST)";
				CODE_SIGN_STYLE = Automatic;
				INFOPLIST_FILE = tableViewTests/Info.plist;
				LD_RUNPATH_SEARCH_PATHS = "$(inherited) @executable_path/Frameworks @loader_path/Frameworks";
				PRODUCT_BUNDLE_IDENTIFIER = MyA.tableViewTests;
				PRODUCT_NAME = "$(TARGET_NAME)";
				SWIFT_VERSION = 4.0;
				TARGETED_DEVICE_FAMILY = "1,2";
				TEST_HOST = "$(BUILT_PRODUCTS_DIR)/tableView.app/tableView";
			};
			name = Debug;
		};
		3A8491D8200FD73D00B41EBC /* Release */ = {
			isa = XCBuildConfiguration;
			buildSettings = {
				ALWAYS_EMBED_SWIFT_STANDARD_LIBRARIES = YES;
				BUNDLE_LOADER = "$(TEST_HOST)";
				CODE_SIGN_STYLE = Automatic;
				INFOPLIST_FILE = tableViewTests/Info.plist;
				LD_RUNPATH_SEARCH_PATHS = "$(inherited) @executable_path/Frameworks @loader_path/Frameworks";
				PRODUCT_BUNDLE_IDENTIFIER = MyA.tableViewTests;
				PRODUCT_NAME = "$(TARGET_NAME)";
				SWIFT_VERSION = 4.0;
				TARGETED_DEVICE_FAMILY = "1,2";
				TEST_HOST = "$(BUILT_PRODUCTS_DIR)/tableView.app/tableView";
			};
			name = Release;
		};
		3A8491DA200FD73D00B41EBC /* Debug */ = {
			isa = XCBuildConfiguration;
			buildSettings = {
				ALWAYS_EMBED_SWIFT_STANDARD_LIBRARIES = YES;
				CODE_SIGN_STYLE = Automatic;
				INFOPLIST_FILE = tableViewUITests/Info.plist;
				LD_RUNPATH_SEARCH_PATHS = "$(inherited) @executable_path/Frameworks @loader_path/Frameworks";
				PRODUCT_BUNDLE_IDENTIFIER = MyA.tableViewUITests;
				PRODUCT_NAME = "$(TARGET_NAME)";
				SWIFT_VERSION = 4.0;
				TARGETED_DEVICE_FAMILY = "1,2";
				TEST_TARGET_NAME = tableView;
			};
			name = Debug;
		};
		3A8491DB200FD73D00B41EBC /* Release */ = {
			isa = XCBuildConfiguration;
			buildSettings = {
				ALWAYS_EMBED_SWIFT_STANDARD_LIBRARIES = YES;
				CODE_SIGN_STYLE = Automatic;
				INFOPLIST_FILE = tableViewUITests/Info.plist;
				LD_RUNPATH_SEARCH_PATHS = "$(inherited) @executable_path/Frameworks @loader_path/Frameworks";
				PRODUCT_BUNDLE_IDENTIFIER = MyA.tableViewUITests;
				PRODUCT_NAME = "$(TARGET_NAME)";
				SWIFT_VERSION = 4.0;
				TARGETED_DEVICE_FAMILY = "1,2";
				TEST_TARGET_NAME = tableView;
			};
			name = Release;
		};
/* End XCBuildConfiguration section */

/* Begin XCConfigurationList section */
		3A8491A6200FD73D00B41EBC /* Build configuration list for PBXProject "tableView" */ = {
			isa = XCConfigurationList;
			buildConfigurations = (
				3A8491D1200FD73D00B41EBC /* Debug */,
				3A8491D2200FD73D00B41EBC /* Release */,
			);
			defaultConfigurationIsVisible = 0;
			defaultConfigurationName = Release;
		};
		3A8491D3200FD73D00B41EBC /* Build configuration list for PBXNativeTarget "tableView" */ = {
			isa = XCConfigurationList;
			buildConfigurations = (
				3A8491D4200FD73D00B41EBC /* Debug */,
				3A8491D5200FD73D00B41EBC /* Release */,
			);
			defaultConfigurationIsVisible = 0;
			defaultConfigurationName = Release;
		};
		3A8491D6200FD73D00B41EBC /* Build configuration list for PBXNativeTarget "tableViewTests" */ = {
			isa = XCConfigurationList;
			buildConfigurations = (
				3A8491D7200FD73D00B41EBC /* Debug */,
				3A8491D8200FD73D00B41EBC /* Release */,
			);
			defaultConfigurationIsVisible = 0;
			defaultConfigurationName = Release;
		};
		3A8491D9200FD73D00B41EBC /* Build configuration list for PBXNativeTarget "tableViewUITests" */ = {
			isa = XCConfigurationList;
			buildConfigurations = (
				3A8491DA200FD73D00B41EBC /* Debug */,
				3A8491DB200FD73D00B41EBC /* Release */,
			);
			defaultConfigurationIsVisible = 0;
			defaultConfigurationName = Release;
		};
/* End XCConfigurationList section */
	};
	rootObject = 3A8491A3200FD73D00B41EBC /* Project object */;
}
